
Microsoft Visual Studio Solution File, Format Version 12.00
# Visual Studio 15
VisualStudioVersion = 15.0.28010.2046
MinimumVisualStudioVersion = 10.0.40219.1
Project("{FAE04EC0-301F-11D3-BF4B-00C04F79EFBC}") = "SupinfoB2", "SupinfoB2\SupinfoB2.csproj", "{F10BE82F-84D8-4A34-B07E-9159430E7AD4}"
EndProject
Global
	GlobalSection(SolutionConfigurationPlatforms) = preSolution
		Debug|Any CPU = Debug|Any CPU
		Release|Any CPU = Release|Any CPU
	EndGlobalSection
	GlobalSection(ProjectConfigurationPlatforms) = postSolution
		{F10BE82F-84D8-4A34-B07E-9159430E7AD4}.Debug|Any CPU.ActiveCfg = Debug|Any CPU
		{F10BE82F-84D8-4A34-B07E-9159430E7AD4}.Debug|Any CPU.Build.0 = Debug|Any CPU
		{F10BE82F-84D8-4A34-B07E-9159430E7AD4}.Release|Any CPU.ActiveCfg = Release|Any CPU
		{F10BE82F-84D8-4A34-B07E-9159430E7AD4}.Release|Any CPU.Build.0 = Release|Any CPU
	EndGlobalSection
	GlobalSection(SolutionProperties) = preSolution
		HideSolutionNode = FALSE
	EndGlobalSection
	GlobalSection(ExtensibilityGlobals) = postSolution
		SolutionGuid = {0816A6FC-C25F-4B20-9E50-F903D227BD79}
	EndGlobalSection
EndGlobal
